
Microsoft Visual Studio Solution File, Format Version 12.00
# Visual Studio Version 17
VisualStudioVersion = 17.11.35222.181
MinimumVisualStudioVersion = 10.0.40219.1
Project("{FAE04EC0-301F-11D3-BF4B-00C04F79EFBC}") = "Nemetschek.AutoCad.LayersConvertor", "Nemetschek.AutoCad.LayersConvertor\Nemetschek.AutoCad.LayersConvertor.csproj", "{084BFA2D-05BF-40A9-9A07-79F840CB4657}"
EndProject
Global
	GlobalSection(SolutionConfigurationPlatforms) = preSolution
		Debug|Any CPU = Debug|Any CPU
		Release|Any CPU = Release|Any CPU
	EndGlobalSection
	GlobalSection(ProjectConfigurationPlatforms) = postSolution
		{084BFA2D-05BF-40A9-9A07-79F840CB4657}.Debug|Any CPU.ActiveCfg = Debug|Any CPU
		{084BFA2D-05BF-40A9-9A07-79F840CB4657}.Debug|Any CPU.Build.0 = Debug|Any CPU
		{084BFA2D-05BF-40A9-9A07-79F840CB4657}.Release|Any CPU.ActiveCfg = Release|Any CPU
		{084BFA2D-05BF-40A9-9A07-79F840CB4657}.Release|Any CPU.Build.0 = Release|Any CPU
	EndGlobalSection
	GlobalSection(SolutionProperties) = preSolution
		HideSolutionNode = FALSE
	EndGlobalSection
	GlobalSection(ExtensibilityGlobals) = postSolution
		SolutionGuid = {05E5AE0B-03CF-408B-B760-51C5D0AF06F7}
	EndGlobalSection
EndGlobal
